
Microsoft Visual Studio Solution File, Format Version 12.00
# Visual Studio Version 17
VisualStudioVersion = 17.1.32421.90
MinimumVisualStudioVersion = 10.0.40219.1
Project("{FAE04EC0-301F-11D3-BF4B-00C04F79EFBC}") = "SpotifyAlgoRythmn", "SpotifyAlgoRythmn.csproj", "{227D2176-C7AA-4A4B-A431-66DE9524FD5B}"
EndProject
Global
	GlobalSection(SolutionConfigurationPlatforms) = preSolution
		Debug|Any CPU = Debug|Any CPU
		Release|Any CPU = Release|Any CPU
	EndGlobalSection
	GlobalSection(ProjectConfigurationPlatforms) = postSolution
		{227D2176-C7AA-4A4B-A431-66DE9524FD5B}.Debug|Any CPU.ActiveCfg = Debug|Any CPU
		{227D2176-C7AA-4A4B-A431-66DE9524FD5B}.Debug|Any CPU.Build.0 = Debug|Any CPU
		{227D2176-C7AA-4A4B-A431-66DE9524FD5B}.Release|Any CPU.ActiveCfg = Release|Any CPU
		{227D2176-C7AA-4A4B-A431-66DE9524FD5B}.Release|Any CPU.Build.0 = Release|Any CPU
	EndGlobalSection
	GlobalSection(SolutionProperties) = preSolution
		HideSolutionNode = FALSE
	EndGlobalSection
	GlobalSection(ExtensibilityGlobals) = postSolution
		SolutionGuid = {5E6CE1B2-A88D-4EB3-A6E2-D1AFD83C95A1}
	EndGlobalSection
EndGlobal
